// !$*UTF8*$!
{
	archiveVersion = 1;
	classes = {
	};
	objectVersion = 46;
	objects = {

/* Begin PBXBuildFile section */
		45F9433D1A99192600A34B0D /* AppDelegate.swift in Sources */ = {isa = PBXBuildFile; fileRef = 45F9433C1A99192600A34B0D /* AppDelegate.swift */; };
		45F9433F1A99192600A34B0D /* ViewController.swift in Sources */ = {isa = PBXBuildFile; fileRef = 45F9433E1A99192600A34B0D /* ViewController.swift */; };
		45F943421A99192600A34B0D /* Main.storyboard in Resources */ = {isa = PBXBuildFile; fileRef = 45F943401A99192600A34B0D /* Main.storyboard */; };
		45F943441A99192600A34B0D /* Images.xcassets in Resources */ = {isa = PBXBuildFile; fileRef = 45F943431A99192600A34B0D /* Images.xcassets */; };
		45F943471A99192600A34B0D /* LaunchScreen.xib in Resources */ = {isa = PBXBuildFile; fileRef = 45F943451A99192600A34B0D /* LaunchScreen.xib */; };
		45F943531A99192600A34B0D /* CalculatorTests.swift in Sources */ = {isa = PBXBuildFile; fileRef = 45F943521A99192600A34B0D /* CalculatorTests.swift */; };
/* End PBXBuildFile section */

/* Begin PBXContainerItemProxy section */
		45F9434D1A99192600A34B0D /* PBXContainerItemProxy */ = {
			isa = PBXContainerItemProxy;
			containerPortal = 45F9432F1A99192600A34B0D /* Project object */;
			proxyType = 1;
			remoteGlobalIDString = 45F943361A99192600A34B0D;
			remoteInfo = Calculator;
		};
/* End PBXContainerItemProxy section */

/* Begin PBXFileReference section */
		45F943371A99192600A34B0D /* Calculator.app */ = {isa = PBXFileReference; explicitFileType = wrapper.application; includeInIndex = 0; path = Calculator.app; sourceTree = BUILT_PRODUCTS_DIR; };
		45F9433B1A99192600A34B0D /* Info.plist */ = {isa = PBXFileReference; lastKnownFileType = text.plist.xml; path = Info.plist; sourceTree = "<group>"; };
		45F9433C1A99192600A34B0D /* AppDelegate.swift */ = {isa = PBXFileReference; lastKnownFileType = sourcecode.swift; path = AppDelegate.swift; sourceTree = "<group>"; };
		45F9433E1A99192600A34B0D /* ViewController.swift */ = {isa = PBXFileReference; lastKnownFileType = sourcecode.swift; path = ViewController.swift; sourceTree = "<group>"; };
		45F943411A99192600A34B0D /* Base */ = {isa = PBXFileReference; lastKnownFileType = file.storyboard; name = Base; path = Base.lproj/Main.storyboard; sourceTree = "<group>"; };
		45F943431A99192600A34B0D /* Images.xcassets */ = {isa = PBXFileReference; lastKnownFileType = folder.assetcatalog; path = Images.xcassets; sourceTree = "<group>"; };
		45F943461A99192600A34B0D /* Base */ = {isa = PBXFileReference; lastKnownFileType = file.xib; name = Base; path = Base.lproj/LaunchScreen.xib; sourceTree = "<group>"; };
		45F9434C1A99192600A34B0D /* CalculatorTests.xctest */ = {isa = PBXFileReference; explicitFileType = wrapper.cfbundle; includeInIndex = 0; path = CalculatorTests.xctest; sourceTree = BUILT_PRODUCTS_DIR; };
		45F943511A99192600A34B0D /* Info.plist */ = {isa = PBXFileReference; lastKnownFileType = text.plist.xml; path = Info.plist; sourceTree = "<group>"; };
		45F943521A99192600A34B0D /* CalculatorTests.swift */ = {isa = PBXFileReference; lastKnownFileType = sourcecode.swift; path = CalculatorTests.swift; sourceTree = "<group>"; };
/* End PBXFileReference section */

/* Begin PBXFrameworksBuildPhase section */
		45F943341A99192600A34B0D /* Frameworks */ = {
			isa = PBXFrameworksBuildPhase;
			buildActionMask = 2147483647;
			files = (
			);
			runOnlyForDeploymentPostprocessing = 0;
		};
		45F943491A99192600A34B0D /* Frameworks */ = {
			isa = PBXFrameworksBuildPhase;
			buildActionMask = 2147483647;
			files = (
			);
			runOnlyForDeploymentPostprocessing = 0;
		};
/* End PBXFrameworksBuildPhase section */

/* Begin PBXGroup section */
		45F9432E1A99192600A34B0D = {
			isa = PBXGroup;
			children = (
				45F943391A99192600A34B0D /* Calculator */,
				45F9434F1A99192600A34B0D /* CalculatorTests */,
				45F943381A99192600A34B0D /* Products */,
			);
			sourceTree = "<group>";
		};
		45F943381A99192600A34B0D /* Products */ = {
			isa = PBXGroup;
			children = (
				45F943371A99192600A34B0D /* Calculator.app */,
				45F9434C1A99192600A34B0D /* CalculatorTests.xctest */,
			);
			name = Products;
			sourceTree = "<group>";
		};
		45F943391A99192600A34B0D /* Calculator */ = {
			isa = PBXGroup;
			children = (
				45F9433C1A99192600A34B0D /* AppDelegate.swift */,
				45F9433E1A99192600A34B0D /* ViewController.swift */,
				45F943401A99192600A34B0D /* Main.storyboard */,
				45F943431A99192600A34B0D /* Images.xcassets */,
				45F943451A99192600A34B0D /* LaunchScreen.xib */,
				45F9433A1A99192600A34B0D /* Supporting Files */,
			);
			path = Calculator;
			sourceTree = "<group>";
		};
		45F9433A1A99192600A34B0D /* Supporting Files */ = {
			isa = PBXGroup;
			children = (
				45F9433B1A99192600A34B0D /* Info.plist */,
			);
			name = "Supporting Files";
			sourceTree = "<group>";
		};
		45F9434F1A99192600A34B0D /* CalculatorTests */ = {
			isa = PBXGroup;
			children = (
				45F943521A99192600A34B0D /* CalculatorTests.swift */,
				45F943501A99192600A34B0D /* Supporting Files */,
			);
			path = CalculatorTests;
			sourceTree = "<group>";
		};
		45F943501A99192600A34B0D /* Supporting Files */ = {
			isa = PBXGroup;
			children = (
				45F943511A99192600A34B0D /* Info.plist */,
			);
			name = "Supporting Files";
			sourceTree = "<group>";
		};
/* End PBXGroup section */

/* Begin PBXNativeTarget section */
		45F943361A99192600A34B0D /* Calculator */ = {
			isa = PBXNativeTarget;
			buildConfigurationList = 45F943561A99192600A34B0D /* Build configuration list for PBXNativeTarget "Calculator" */;
			buildPhases = (
				45F943331A99192600A34B0D /* Sources */,
				45F943341A99192600A34B0D /* Frameworks */,
				45F943351A99192600A34B0D /* Resources */,
			);
			buildRules = (
			);
			dependencies = (
			);
			name = Calculator;
			productName = Calculator;
			productReference = 45F943371A99192600A34B0D /* Calculator.app */;
			productType = "com.apple.product-type.application";
		};
		45F9434B1A99192600A34B0D /* CalculatorTests */ = {
			isa = PBXNativeTarget;
			buildConfigurationList = 45F943591A99192600A34B0D /* Build configuration list for PBXNativeTarget "CalculatorTests" */;
			buildPhases = (
				45F943481A99192600A34B0D /* Sources */,
				45F943491A99192600A34B0D /* Frameworks */,
				45F9434A1A99192600A34B0D /* Resources */,
			);
			buildRules = (
			);
			dependencies = (
				45F9434E1A99192600A34B0D /* PBXTargetDependency */,
			);
			name = CalculatorTests;
			productName = CalculatorTests;
			productReference = 45F9434C1A99192600A34B0D /* CalculatorTests.xctest */;
			productType = "com.apple.product-type.bundle.unit-test";
		};
/* End PBXNativeTarget section */

/* Begin PBXProject section */
		45F9432F1A99192600A34B0D /* Project object */ = {
			isa = PBXProject;
			attributes = {
				LastUpgradeCheck = 0610;
				ORGANIZATIONNAME = Ruben;
				TargetAttributes = {
					45F943361A99192600A34B0D = {
						CreatedOnToolsVersion = 6.1.1;
					};
					45F9434B1A99192600A34B0D = {
						CreatedOnToolsVersion = 6.1.1;
						TestTargetID = 45F943361A99192600A34B0D;
					};
				};
			};
			buildConfigurationList = 45F943321A99192600A34B0D /* Build configuration list for PBXProject "Calculator" */;
			compatibilityVersion = "Xcode 3.2";
			developmentRegion = English;
			hasScannedForEncodings = 0;
			knownRegions = (
				en,
				Base,
			);
			mainGroup = 45F9432E1A99192600A34B0D;
			productRefGroup = 45F943381A99192600A34B0D /* Products */;
			projectDirPath = "";
			projectRoot = "";
			targets = (
				45F943361A99192600A34B0D /* Calculator */,
				45F9434B1A99192600A34B0D /* CalculatorTests */,
			);
		};
/* End PBXProject section */

/* Begin PBXResourcesBuildPhase section */
		45F943351A99192600A34B0D /* Resources */ = {
			isa = PBXResourcesBuildPhase;
			buildActionMask = 2147483647;
			files = (
				45F943421A99192600A34B0D /* Main.storyboard in Resources */,
				45F943471A99192600A34B0D /* LaunchScreen.xib in Resources */,
				45F943441A99192600A34B0D /* Images.xcassets in Resources */,
			);
			runOnlyForDeploymentPostprocessing = 0;
		};
		45F9434A1A99192600A34B0D /* Resources */ = {
			isa = PBXResourcesBuildPhase;
			buildActionMask = 2147483647;
			files = (
			);
			runOnlyForDeploymentPostprocessing = 0;
		};
/* End PBXResourcesBuildPhase section */

/* Begin PBXSourcesBuildPhase section */
		45F943331A99192600A34B0D /* Sources */ = {
			isa = PBXSourcesBuildPhase;
			buildActionMask = 2147483647;
			files = (
				45F9433F1A99192600A34B0D /* ViewController.swift in Sources */,
				45F9433D1A99192600A34B0D /* AppDelegate.swift in Sources */,
			);
			runOnlyForDeploymentPostprocessing = 0;
		};
		45F943481A99192600A34B0D /* Sources */ = {
			isa = PBXSourcesBuildPhase;
			buildActionMask = 2147483647;
			files = (
				45F943531A99192600A34B0D /* CalculatorTests.swift in Sources */,
			);
			runOnlyForDeploymentPostprocessing = 0;
		};
/* End PBXSourcesBuildPhase section */

/* Begin PBXTargetDependency section */
		45F9434E1A99192600A34B0D /* PBXTargetDependency */ = {
			isa = PBXTargetDependency;
			target = 45F943361A99192600A34B0D /* Calculator */;
			targetProxy = 45F9434D1A99192600A34B0D /* PBXContainerItemProxy */;
		};
/* End PBXTargetDependency section */

/* Begin PBXVariantGroup section */
		45F943401A99192600A34B0D /* Main.storyboard */ = {
			isa = PBXVariantGroup;
			children = (
				45F943411A99192600A34B0D /* Base */,
			);
			name = Main.storyboard;
			sourceTree = "<group>";
		};
		45F943451A99192600A34B0D /* LaunchScreen.xib */ = {
			isa = PBXVariantGroup;
			children = (
				45F943461A99192600A34B0D /* Base */,
			);
			name = LaunchScreen.xib;
			sourceTree = "<group>";
		};
/* End PBXVariantGroup section */

/* Begin XCBuildConfiguration section */
		45F943541A99192600A34B0D /* Debug */ = {
			isa = XCBuildConfiguration;
			buildSettings = {
				ALWAYS_SEARCH_USER_PATHS = NO;
				CLANG_CXX_LANGUAGE_STANDARD = "gnu++0x";
				CLANG_CXX_LIBRARY = "libc++";
				CLANG_ENABLE_MODULES = YES;
				CLANG_ENABLE_OBJC_ARC = YES;
				CLANG_WARN_BOOL_CONVERSION = YES;
				CLANG_WARN_CONSTANT_CONVERSION = YES;
				CLANG_WARN_DIRECT_OBJC_ISA_USAGE = YES_ERROR;
				CLANG_WARN_EMPTY_BODY = YES;
				CLANG_WARN_ENUM_CONVERSION = YES;
				CLANG_WARN_INT_CONVERSION = YES;
				CLANG_WARN_OBJC_ROOT_CLASS = YES_ERROR;
				CLANG_WARN_UNREACHABLE_CODE = YES;
				CLANG_WARN__DUPLICATE_METHOD_MATCH = YES;
				"CODE_SIGN_IDENTITY[sdk=iphoneos*]" = "iPhone Developer";
				COPY_PHASE_STRIP = NO;
				ENABLE_STRICT_OBJC_MSGSEND = YES;
				GCC_C_LANGUAGE_STANDARD = gnu99;
				GCC_DYNAMIC_NO_PIC = NO;
				GCC_OPTIMIZATION_LEVEL = 0;
				GCC_PREPROCESSOR_DEFINITIONS = (
					"DEBUG=1",
					"$(inherited)",
				);
				GCC_SYMBOLS_PRIVATE_EXTERN = NO;
				GCC_WARN_64_TO_32_BIT_CONVERSION = YES;
				GCC_WARN_ABOUT_RETURN_TYPE = YES_ERROR;
				GCC_WARN_UNDECLARED_SELECTOR = YES;
				GCC_WARN_UNINITIALIZED_AUTOS = YES_AGGRESSIVE;
				GCC_WARN_UNUSED_FUNCTION = YES;
				GCC_WARN_UNUSED_VARIABLE = YES;
				IPHONEOS_DEPLOYMENT_TARGET = 8.1;
				MTL_ENABLE_DEBUG_INFO = YES;
				ONLY_ACTIVE_ARCH = YES;
				SDKROOT = iphoneos;
				SWIFT_OPTIMIZATION_LEVEL = "-Onone";
				TARGETED_DEVICE_FAMILY = "1,2";
			};
			name = Debug;
		};
		45F943551A99192600A34B0D /* Release */ = {
			isa = XCBuildConfiguration;
			buildSettings = {
				ALWAYS_SEARCH_USER_PATHS = NO;
				CLANG_CXX_LANGUAGE_STANDARD = "gnu++0x";
				CLANG_CXX_LIBRARY = "libc++";
				CLANG_ENABLE_MODULES = YES;
				CLANG_ENABLE_OBJC_ARC = YES;
				CLANG_WARN_BOOL_CONVERSION = YES;
				CLANG_WARN_CONSTANT_CONVERSION = YES;
				CLANG_WARN_DIRECT_OBJC_ISA_USAGE = YES_ERROR;
				CLANG_WARN_EMPTY_BODY = YES;
				CLANG_WARN_ENUM_CONVERSION = YES;
				CLANG_WARN_INT_CONVERSION = YES;
				CLANG_WARN_OBJC_ROOT_CLASS = YES_ERROR;
				CLANG_WARN_UNREACHABLE_CODE = YES;
				CLANG_WARN__DUPLICATE_METHOD_MATCH = YES;
				"CODE_SIGN_IDENTITY[sdk=iphoneos*]" = "iPhone Developer";
				COPY_PHASE_STRIP = YES;
				ENABLE_NS_ASSERTIONS = NO;
				ENABLE_STRICT_OBJC_MSGSEND = YES;
				GCC_C_LANGUAGE_STANDARD = gnu99;
				GCC_WARN_64_TO_32_BIT_CONVERSION = YES;
				GCC_WARN_ABOUT_RETURN_TYPE = YES_ERROR;
				GCC_WARN_UNDECLARED_SELECTOR = YES;
				GCC_WARN_UNINITIALIZED_AUTOS = YES_AGGRESSIVE;
				GCC_WARN_UNUSED_FUNCTION = YES;
				GCC_WARN_UNUSED_VARIABLE = YES;
				IPHONEOS_DEPLOYMENT_TARGET = 8.1;
				MTL_ENABLE_DEBUG_INFO = NO;
				SDKROOT = iphoneos;
				TARGETED_DEVICE_FAMILY = "1,2";
				VALIDATE_PRODUCT = YES;
			};
			name = Release;
		};
		45F943571A99192600A34B0D /* Debug */ = {
			isa = XCBuildConfiguration;
			buildSettings = {
				ASSETCATALOG_COMPILER_APPICON_NAME = AppIcon;
				INFOPLIST_FILE = Calculator/Info.plist;
				LD_RUNPATH_SEARCH_PATHS = "$(inherited) @executable_path/Frameworks";
				PRODUCT_NAME = "$(TARGET_NAME)";
			};
			name = Debug;
		};
		45F943581A99192600A34B0D /* Release */ = {
			isa = XCBuildConfiguration;
			buildSettings = {
				ASSETCATALOG_COMPILER_APPICON_NAME = AppIcon;
				INFOPLIST_FILE = Calculator/Info.plist;
				LD_RUNPATH_SEARCH_PATHS = "$(inherited) @executable_path/Frameworks";
				PRODUCT_NAME = "$(TARGET_NAME)";
			};
			name = Release;
		};
		45F9435A1A99192600A34B0D /* Debug */ = {
			isa = XCBuildConfiguration;
			buildSettings = {
				BUNDLE_LOADER = "$(TEST_HOST)";
				FRAMEWORK_SEARCH_PATHS = (
					"$(SDKROOT)/Developer/Library/Frameworks",
					"$(inherited)",
				);
				GCC_PREPROCESSOR_DEFINITIONS = (
					"DEBUG=1",
					"$(inherited)",
				);
				INFOPLIST_FILE = CalculatorTests/Info.plist;
				LD_RUNPATH_SEARCH_PATHS = "$(inherited) @executable_path/Frameworks @loader_path/Frameworks";
				PRODUCT_NAME = "$(TARGET_NAME)";
				TEST_HOST = "$(BUILT_PRODUCTS_DIR)/Calculator.app/Calculator";
			};
			name = Debug;
		};
		45F9435B1A99192600A34B0D /* Release */ = {
			isa = XCBuildConfiguration;
			buildSettings = {
				BUNDLE_LOADER = "$(TEST_HOST)";
				FRAMEWORK_SEARCH_PATHS = (
					"$(SDKROOT)/Developer/Library/Frameworks",
					"$(inherited)",
				);
				INFOPLIST_FILE = CalculatorTests/Info.plist;
				LD_RUNPATH_SEARCH_PATHS = "$(inherited) @executable_path/Frameworks @loader_path/Frameworks";
				PRODUCT_NAME = "$(TARGET_NAME)";
				TEST_HOST = "$(BUILT_PRODUCTS_DIR)/Calculator.app/Calculator";
			};
			name = Release;
		};
/* End XCBuildConfiguration section */

/* Begin XCConfigurationList section */
		45F943321A99192600A34B0D /* Build configuration list for PBXProject "Calculator" */ = {
			isa = XCConfigurationList;
			buildConfigurations = (
				45F943541A99192600A34B0D /* Debug */,
				45F943551A99192600A34B0D /* Release */,
			);
			defaultConfigurationIsVisible = 0;
			defaultConfigurationName = Release;
		};
		45F943561A99192600A34B0D /* Build configuration list for PBXNativeTarget "Calculator" */ = {
			isa = XCConfigurationList;
			buildConfigurations = (
				45F943571A99192600A34B0D /* Debug */,
				45F943581A99192600A34B0D /* Release */,
			);
			defaultConfigurationIsVisible = 0;
		};
		45F943591A99192600A34B0D /* Build configuration list for PBXNativeTarget "CalculatorTests" */ = {
			isa = XCConfigurationList;
			buildConfigurations = (
				45F9435A1A99192600A34B0D /* Debug */,
				45F9435B1A99192600A34B0D /* Release */,
			);
			defaultConfigurationIsVisible = 0;
		};
/* End XCConfigurationList section */
	};
	rootObject = 45F9432F1A99192600A34B0D /* Project object */;
}
